Microsoft Visual Studio Solution File, Format Version 12.00
# Visual Studio 2012
Project("{FAE04EC0-301F-11D3-BF4B-00C04F79EFBC}") = "Go Godot 3 Classic - ClownPanic", "Go Godot 3 Classic - ClownPanic.csproj", "{B30B5AF2-5D92-40FE-AD86-B66252632D02}"
EndProject
Global
	GlobalSection(SolutionConfigurationPlatforms) = preSolution
	Debug|Any CPU = Debug|Any CPU
	ExportDebug|Any CPU = ExportDebug|Any CPU
	ExportRelease|Any CPU = ExportRelease|Any CPU
	EndGlobalSection
	GlobalSection(ProjectConfigurationPlatforms) = postSolution
		{B30B5AF2-5D92-40FE-AD86-B66252632D02}.Debug|Any CPU.ActiveCfg = Debug|Any CPU
		{B30B5AF2-5D92-40FE-AD86-B66252632D02}.Debug|Any CPU.Build.0 = Debug|Any CPU
		{B30B5AF2-5D92-40FE-AD86-B66252632D02}.ExportDebug|Any CPU.ActiveCfg = ExportDebug|Any CPU
		{B30B5AF2-5D92-40FE-AD86-B66252632D02}.ExportDebug|Any CPU.Build.0 = ExportDebug|Any CPU
		{B30B5AF2-5D92-40FE-AD86-B66252632D02}.ExportRelease|Any CPU.ActiveCfg = ExportRelease|Any CPU
		{B30B5AF2-5D92-40FE-AD86-B66252632D02}.ExportRelease|Any CPU.Build.0 = ExportRelease|Any CPU
	EndGlobalSection
EndGlobal
